// !$*UTF8*$!
{
	archiveVersion = 1;
	classes = {
	};
	objectVersion = 46;
	objects = {

/* Begin PBXBuildFile section */
		6C3CD84D1AF953AC00592BAA /* main.m in Sources */ = {isa = PBXBuildFile; fileRef = 6C3CD84C1AF953AC00592BAA /* main.m */; };
		6C3CD8501AF953AC00592BAA /* AppDelegate.m in Sources */ = {isa = PBXBuildFile; fileRef = 6C3CD84F1AF953AC00592BAA /* AppDelegate.m */; };
		6C3CD8561AF953AC00592BAA /* Main.storyboard in Resources */ = {isa = PBXBuildFile; fileRef = 6C3CD8541AF953AC00592BAA /* Main.storyboard */; };
		6C3CD8581AF953AC00592BAA /* Images.xcassets in Resources */ = {isa = PBXBuildFile; fileRef = 6C3CD8571AF953AC00592BAA /* Images.xcassets */; };
		6C3CD85B1AF953AC00592BAA /* LaunchScreen.xib in Resources */ = {isa = PBXBuildFile; fileRef = 6C3CD8591AF953AC00592BAA /* LaunchScreen.xib */; };
		6C3CD8671AF953AC00592BAA /* StreakTests.m in Sources */ = {isa = PBXBuildFile; fileRef = 6C3CD8661AF953AC00592BAA /* StreakTests.m */; };
		6C3CD8731AF9546300592BAA /* ListViewController.m in Sources */ = {isa = PBXBuildFile; fileRef = 6C3CD8721AF9546300592BAA /* ListViewController.m */; };
		6C73943B1AFAA03D00F6E91E /* Streak.m in Sources */ = {isa = PBXBuildFile; fileRef = 6C73943A1AFAA03D00F6E91E /* Streak.m */; };
		6C73943E1AFAD23000F6E91E /* AddStreakViewController.m in Sources */ = {isa = PBXBuildFile; fileRef = 6C73943D1AFAD23000F6E91E /* AddStreakViewController.m */; };
/* End PBXBuildFile section */

/* Begin PBXContainerItemProxy section */
		6C3CD8611AF953AC00592BAA /* PBXContainerItemProxy */ = {
			isa = PBXContainerItemProxy;
			containerPortal = 6C3CD83F1AF953AC00592BAA /* Project object */;
			proxyType = 1;
			remoteGlobalIDString = 6C3CD8461AF953AC00592BAA;
			remoteInfo = Streak;
		};
/* End PBXContainerItemProxy section */

/* Begin PBXFileReference section */
		6C3CD8471AF953AC00592BAA /* Streak.app */ = {isa = PBXFileReference; explicitFileType = wrapper.application; includeInIndex = 0; path = Streak.app; sourceTree = BUILT_PRODUCTS_DIR; };
		6C3CD84B1AF953AC00592BAA /* Info.plist */ = {isa = PBXFileReference; lastKnownFileType = text.plist.xml; path = Info.plist; sourceTree = "<group>"; };
		6C3CD84C1AF953AC00592BAA /* main.m */ = {isa = PBXFileReference; lastKnownFileType = sourcecode.c.objc; path = main.m; sourceTree = "<group>"; };
		6C3CD84E1AF953AC00592BAA /* AppDelegate.h */ = {isa = PBXFileReference; lastKnownFileType = sourcecode.c.h; path = AppDelegate.h; sourceTree = "<group>"; };
		6C3CD84F1AF953AC00592BAA /* AppDelegate.m */ = {isa = PBXFileReference; lastKnownFileType = sourcecode.c.objc; path = AppDelegate.m; sourceTree = "<group>"; };
		6C3CD8551AF953AC00592BAA /* Base */ = {isa = PBXFileReference; lastKnownFileType = file.storyboard; name = Base; path = Base.lproj/Main.storyboard; sourceTree = "<group>"; };
		6C3CD8571AF953AC00592BAA /* Images.xcassets */ = {isa = PBXFileReference; lastKnownFileType = folder.assetcatalog; path = Images.xcassets; sourceTree = "<group>"; };
		6C3CD85A1AF953AC00592BAA /* Base */ = {isa = PBXFileReference; lastKnownFileType = file.xib; name = Base; path = Base.lproj/LaunchScreen.xib; sourceTree = "<group>"; };
		6C3CD8601AF953AC00592BAA /* StreakTests.xctest */ = {isa = PBXFileReference; explicitFileType = wrapper.cfbundle; includeInIndex = 0; path = StreakTests.xctest; sourceTree = BUILT_PRODUCTS_DIR; };
		6C3CD8651AF953AC00592BAA /* Info.plist */ = {isa = PBXFileReference; lastKnownFileType = text.plist.xml; path = Info.plist; sourceTree = "<group>"; };
		6C3CD8661AF953AC00592BAA /* StreakTests.m */ = {isa = PBXFileReference; lastKnownFileType = sourcecode.c.objc; path = StreakTests.m; sourceTree = "<group>"; };
		6C3CD8711AF9546300592BAA /* ListViewController.h */ = {isa = PBXFileReference; fileEncoding = 4; lastKnownFileType = sourcecode.c.h; name = ListViewController.h; path = ViewControllers/ListViewController.h; sourceTree = "<group>"; };
		6C3CD8721AF9546300592BAA /* ListViewController.m */ = {isa = PBXFileReference; fileEncoding = 4; lastKnownFileType = sourcecode.c.objc; name = ListViewController.m; path = ViewControllers/ListViewController.m; sourceTree = "<group>"; };
		6C7394391AFAA03D00F6E91E /* Streak.h */ = {isa = PBXFileReference; fileEncoding = 4; lastKnownFileType = sourcecode.c.h; name = Streak.h; path = Models/Streak.h; sourceTree = "<group>"; };
		6C73943A1AFAA03D00F6E91E /* Streak.m */ = {isa = PBXFileReference; fileEncoding = 4; lastKnownFileType = sourcecode.c.objc; name = Streak.m; path = Models/Streak.m; sourceTree = "<group>"; };
		6C73943C1AFAD23000F6E91E /* AddStreakViewController.h */ = {isa = PBXFileReference; fileEncoding = 4; lastKnownFileType = sourcecode.c.h; name = AddStreakViewController.h; path = ViewControllers/AddStreakViewController.h; sourceTree = "<group>"; };
		6C73943D1AFAD23000F6E91E /* AddStreakViewController.m */ = {isa = PBXFileReference; fileEncoding = 4; lastKnownFileType = sourcecode.c.objc; name = AddStreakViewController.m; path = ViewControllers/AddStreakViewController.m; sourceTree = "<group>"; };
/* End PBXFileReference section */

/* Begin PBXFrameworksBuildPhase section */
		6C3CD8441AF953AC00592BAA /* Frameworks */ = {
			isa = PBXFrameworksBuildPhase;
			buildActionMask = 2147483647;
			files = (
			);
			runOnlyForDeploymentPostprocessing = 0;
		};
		6C3CD85D1AF953AC00592BAA /* Frameworks */ = {
			isa = PBXFrameworksBuildPhase;
			buildActionMask = 2147483647;
			files = (
			);
			runOnlyForDeploymentPostprocessing = 0;
		};
/* End PBXFrameworksBuildPhase section */

/* Begin PBXGroup section */
		6C3CD83E1AF953AC00592BAA = {
			isa = PBXGroup;
			children = (
				6C3CD8491AF953AC00592BAA /* Streak */,
				6C3CD8631AF953AC00592BAA /* StreakTests */,
				6C3CD8481AF953AC00592BAA /* Products */,
			);
			sourceTree = "<group>";
		};
		6C3CD8481AF953AC00592BAA /* Products */ = {
			isa = PBXGroup;
			children = (
				6C3CD8471AF953AC00592BAA /* Streak.app */,
				6C3CD8601AF953AC00592BAA /* StreakTests.xctest */,
			);
			name = Products;
			sourceTree = "<group>";
		};
		6C3CD8491AF953AC00592BAA /* Streak */ = {
			isa = PBXGroup;
			children = (
				6C3CD8541AF953AC00592BAA /* Main.storyboard */,
				6C3CD8701AF9543600592BAA /* ViewControllers */,
				6C7394381AFAA00E00F6E91E /* Models */,
				6C3CD8571AF953AC00592BAA /* Images.xcassets */,
				6C3CD8591AF953AC00592BAA /* LaunchScreen.xib */,
				6C3CD84A1AF953AC00592BAA /* Supporting Files */,
			);
			path = Streak;
			sourceTree = "<group>";
		};
		6C3CD84A1AF953AC00592BAA /* Supporting Files */ = {
			isa = PBXGroup;
			children = (
				6C3CD84B1AF953AC00592BAA /* Info.plist */,
				6C3CD84C1AF953AC00592BAA /* main.m */,
				6C3CD84E1AF953AC00592BAA /* AppDelegate.h */,
				6C3CD84F1AF953AC00592BAA /* AppDelegate.m */,
			);
			name = "Supporting Files";
			sourceTree = "<group>";
		};
		6C3CD8631AF953AC00592BAA /* StreakTests */ = {
			isa = PBXGroup;
			children = (
				6C3CD8661AF953AC00592BAA /* StreakTests.m */,
				6C3CD8641AF953AC00592BAA /* Supporting Files */,
			);
			path = StreakTests;
			sourceTree = "<group>";
		};
		6C3CD8641AF953AC00592BAA /* Supporting Files */ = {
			isa = PBXGroup;
			children = (
				6C3CD8651AF953AC00592BAA /* Info.plist */,
			);
			name = "Supporting Files";
			sourceTree = "<group>";
		};
		6C3CD8701AF9543600592BAA /* ViewControllers */ = {
			isa = PBXGroup;
			children = (
				6C3CD8711AF9546300592BAA /* ListViewController.h */,
				6C3CD8721AF9546300592BAA /* ListViewController.m */,
				6C73943C1AFAD23000F6E91E /* AddStreakViewController.h */,
				6C73943D1AFAD23000F6E91E /* AddStreakViewController.m */,
			);
			name = ViewControllers;
			sourceTree = "<group>";
		};
		6C7394381AFAA00E00F6E91E /* Models */ = {
			isa = PBXGroup;
			children = (
				6C7394391AFAA03D00F6E91E /* Streak.h */,
				6C73943A1AFAA03D00F6E91E /* Streak.m */,
			);
			name = Models;
			sourceTree = "<group>";
		};
/* End PBXGroup section */

/* Begin PBXNativeTarget section */
		6C3CD8461AF953AC00592BAA /* Streak */ = {
			isa = PBXNativeTarget;
			buildConfigurationList = 6C3CD86A1AF953AC00592BAA /* Build configuration list for PBXNativeTarget "Streak" */;
			buildPhases = (
				6C3CD8431AF953AC00592BAA /* Sources */,
				6C3CD8441AF953AC00592BAA /* Frameworks */,
				6C3CD8451AF953AC00592BAA /* Resources */,
			);
			buildRules = (
			);
			dependencies = (
			);
			name = Streak;
			productName = Streak;
			productReference = 6C3CD8471AF953AC00592BAA /* Streak.app */;
			productType = "com.apple.product-type.application";
		};
		6C3CD85F1AF953AC00592BAA /* StreakTests */ = {
			isa = PBXNativeTarget;
			buildConfigurationList = 6C3CD86D1AF953AC00592BAA /* Build configuration list for PBXNativeTarget "StreakTests" */;
			buildPhases = (
				6C3CD85C1AF953AC00592BAA /* Sources */,
				6C3CD85D1AF953AC00592BAA /* Frameworks */,
				6C3CD85E1AF953AC00592BAA /* Resources */,
			);
			buildRules = (
			);
			dependencies = (
				6C3CD8621AF953AC00592BAA /* PBXTargetDependency */,
			);
			name = StreakTests;
			productName = StreakTests;
			productReference = 6C3CD8601AF953AC00592BAA /* StreakTests.xctest */;
			productType = "com.apple.product-type.bundle.unit-test";
		};
/* End PBXNativeTarget section */

/* Begin PBXProject section */
		6C3CD83F1AF953AC00592BAA /* Project object */ = {
			isa = PBXProject;
			attributes = {
				LastUpgradeCheck = 0630;
				ORGANIZATIONNAME = "Dulio Denis";
				TargetAttributes = {
					6C3CD8461AF953AC00592BAA = {
						CreatedOnToolsVersion = 6.3;
					};
					6C3CD85F1AF953AC00592BAA = {
						CreatedOnToolsVersion = 6.3;
						TestTargetID = 6C3CD8461AF953AC00592BAA;
					};
				};
			};
			buildConfigurationList = 6C3CD8421AF953AC00592BAA /* Build configuration list for PBXProject "Streak" */;
			compatibilityVersion = "Xcode 3.2";
			developmentRegion = English;
			hasScannedForEncodings = 0;
			knownRegions = (
				en,
				Base,
			);
			mainGroup = 6C3CD83E1AF953AC00592BAA;
			productRefGroup = 6C3CD8481AF953AC00592BAA /* Products */;
			projectDirPath = "";
			projectRoot = "";
			targets = (
				6C3CD8461AF953AC00592BAA /* Streak */,
				6C3CD85F1AF953AC00592BAA /* StreakTests */,
			);
		};
/* End PBXProject section */

/* Begin PBXResourcesBuildPhase section */
		6C3CD8451AF953AC00592BAA /* Resources */ = {
			isa = PBXResourcesBuildPhase;
			buildActionMask = 2147483647;
			files = (
				6C3CD8561AF953AC00592BAA /* Main.storyboard in Resources */,
				6C3CD85B1AF953AC00592BAA /* LaunchScreen.xib in Resources */,
				6C3CD8581AF953AC00592BAA /* Images.xcassets in Resources */,
			);
			runOnlyForDeploymentPostprocessing = 0;
		};
		6C3CD85E1AF953AC00592BAA /* Resources */ = {
			isa = PBXResourcesBuildPhase;
			buildActionMask = 2147483647;
			files = (
			);
			runOnlyForDeploymentPostprocessing = 0;
		};
/* End PBXResourcesBuildPhase section */

/* Begin PBXSourcesBuildPhase section */
		6C3CD8431AF953AC00592BAA /* Sources */ = {
			isa = PBXSourcesBuildPhase;
			buildActionMask = 2147483647;
			files = (
				6C3CD8501AF953AC00592BAA /* AppDelegate.m in Sources */,
				6C73943B1AFAA03D00F6E91E /* Streak.m in Sources */,
				6C3CD8731AF9546300592BAA /* ListViewController.m in Sources */,
				6C3CD84D1AF953AC00592BAA /* main.m in Sources */,
				6C73943E1AFAD23000F6E91E /* AddStreakViewController.m in Sources */,
			);
			runOnlyForDeploymentPostprocessing = 0;
		};
		6C3CD85C1AF953AC00592BAA /* Sources */ = {
			isa = PBXSourcesBuildPhase;
			buildActionMask = 2147483647;
			files = (
				6C3CD8671AF953AC00592BAA /* StreakTests.m in Sources */,
			);
			runOnlyForDeploymentPostprocessing = 0;
		};
/* End PBXSourcesBuildPhase section */

/* Begin PBXTargetDependency section */
		6C3CD8621AF953AC00592BAA /* PBXTargetDependency */ = {
			isa = PBXTargetDependency;
			target = 6C3CD8461AF953AC00592BAA /* Streak */;
			targetProxy = 6C3CD8611AF953AC00592BAA /* PBXContainerItemProxy */;
		};
/* End PBXTargetDependency section */

/* Begin PBXVariantGroup section */
		6C3CD8541AF953AC00592BAA /* Main.storyboard */ = {
			isa = PBXVariantGroup;
			children = (
				6C3CD8551AF953AC00592BAA /* Base */,
			);
			name = Main.storyboard;
			sourceTree = "<group>";
		};
		6C3CD8591AF953AC00592BAA /* LaunchScreen.xib */ = {
			isa = PBXVariantGroup;
			children = (
				6C3CD85A1AF953AC00592BAA /* Base */,
			);
			name = LaunchScreen.xib;
			sourceTree = "<group>";
		};
/* End PBXVariantGroup section */

/* Begin XCBuildConfiguration section */
		6C3CD8681AF953AC00592BAA /* Debug */ = {
			isa = XCBuildConfiguration;
			buildSettings = {
				ALWAYS_SEARCH_USER_PATHS = NO;
				CLANG_CXX_LANGUAGE_STANDARD = "gnu++0x";
				CLANG_CXX_LIBRARY = "libc++";
				CLANG_ENABLE_MODULES = YES;
				CLANG_ENABLE_OBJC_ARC = YES;
				CLANG_WARN_BOOL_CONVERSION = YES;
				CLANG_WARN_CONSTANT_CONVERSION = YES;
				CLANG_WARN_DIRECT_OBJC_ISA_USAGE = YES_ERROR;
				CLANG_WARN_EMPTY_BODY = YES;
				CLANG_WARN_ENUM_CONVERSION = YES;
				CLANG_WARN_INT_CONVERSION = YES;
				CLANG_WARN_OBJC_ROOT_CLASS = YES_ERROR;
				CLANG_WARN_UNREACHABLE_CODE = YES;
				CLANG_WARN__DUPLICATE_METHOD_MATCH = YES;
				"CODE_SIGN_IDENTITY[sdk=iphoneos*]" = "iPhone Developer";
				COPY_PHASE_STRIP = NO;
				DEBUG_INFORMATION_FORMAT = "dwarf-with-dsym";
				ENABLE_STRICT_OBJC_MSGSEND = YES;
				GCC_C_LANGUAGE_STANDARD = gnu99;
				GCC_DYNAMIC_NO_PIC = NO;
				GCC_NO_COMMON_BLOCKS = YES;
				GCC_OPTIMIZATION_LEVEL = 0;
				GCC_PREPROCESSOR_DEFINITIONS = (
					"DEBUG=1",
					"$(inherited)",
				);
				GCC_SYMBOLS_PRIVATE_EXTERN = NO;
				GCC_WARN_64_TO_32_BIT_CONVERSION = YES;
				GCC_WARN_ABOUT_RETURN_TYPE = YES_ERROR;
				GCC_WARN_UNDECLARED_SELECTOR = YES;
				GCC_WARN_UNINITIALIZED_AUTOS = YES_AGGRESSIVE;
				GCC_WARN_UNUSED_FUNCTION = YES;
				GCC_WARN_UNUSED_VARIABLE = YES;
				IPHONEOS_DEPLOYMENT_TARGET = 8.3;
				MTL_ENABLE_DEBUG_INFO = YES;
				ONLY_ACTIVE_ARCH = YES;
				SDKROOT = iphoneos;
			};
			name = Debug;
		};
		6C3CD8691AF953AC00592BAA /* Release */ = {
			isa = XCBuildConfiguration;
			buildSettings = {
				ALWAYS_SEARCH_USER_PATHS = NO;
				CLANG_CXX_LANGUAGE_STANDARD = "gnu++0x";
				CLANG_CXX_LIBRARY = "libc++";
				CLANG_ENABLE_MODULES = YES;
				CLANG_ENABLE_OBJC_ARC = YES;
				CLANG_WARN_BOOL_CONVERSION = YES;
				CLANG_WARN_CONSTANT_CONVERSION = YES;
				CLANG_WARN_DIRECT_OBJC_ISA_USAGE = YES_ERROR;
				CLANG_WARN_EMPTY_BODY = YES;
				CLANG_WARN_ENUM_CONVERSION = YES;
				CLANG_WARN_INT_CONVERSION = YES;
				CLANG_WARN_OBJC_ROOT_CLASS = YES_ERROR;
				CLANG_WARN_UNREACHABLE_CODE = YES;
				CLANG_WARN__DUPLICATE_METHOD_MATCH = YES;
				"CODE_SIGN_IDENTITY[sdk=iphoneos*]" = "iPhone Developer";
				COPY_PHASE_STRIP = NO;
				DEBUG_INFORMATION_FORMAT = "dwarf-with-dsym";
				ENABLE_NS_ASSERTIONS = NO;
				ENABLE_STRICT_OBJC_MSGSEND = YES;
				GCC_C_LANGUAGE_STANDARD = gnu99;
				GCC_NO_COMMON_BLOCKS = YES;
				GCC_WARN_64_TO_32_BIT_CONVERSION = YES;
				GCC_WARN_ABOUT_RETURN_TYPE = YES_ERROR;
				GCC_WARN_UNDECLARED_SELECTOR = YES;
				GCC_WARN_UNINITIALIZED_AUTOS = YES_AGGRESSIVE;
				GCC_WARN_UNUSED_FUNCTION = YES;
				GCC_WARN_UNUSED_VARIABLE = YES;
				IPHONEOS_DEPLOYMENT_TARGET = 8.3;
				MTL_ENABLE_DEBUG_INFO = NO;
				SDKROOT = iphoneos;
				VALIDATE_PRODUCT = YES;
			};
			name = Release;
		};
		6C3CD86B1AF953AC00592BAA /* Debug */ = {
			isa = XCBuildConfiguration;
			buildSettings = {
				ASSETCATALOG_COMPILER_APPICON_NAME = AppIcon;
				INFOPLIST_FILE = Streak/Info.plist;
				IPHONEOS_DEPLOYMENT_TARGET = 8.0;
				LD_RUNPATH_SEARCH_PATHS = "$(inherited) @executable_path/Frameworks";
				PRODUCT_NAME = "$(TARGET_NAME)";
			};
			name = Debug;
		};
		6C3CD86C1AF953AC00592BAA /* Release */ = {
			isa = XCBuildConfiguration;
			buildSettings = {
				ASSETCATALOG_COMPILER_APPICON_NAME = AppIcon;
				INFOPLIST_FILE = Streak/Info.plist;
				IPHONEOS_DEPLOYMENT_TARGET = 8.0;
				LD_RUNPATH_SEARCH_PATHS = "$(inherited) @executable_path/Frameworks";
				PRODUCT_NAME = "$(TARGET_NAME)";
			};
			name = Release;
		};
		6C3CD86E1AF953AC00592BAA /* Debug */ = {
			isa = XCBuildConfiguration;
			buildSettings = {
				BUNDLE_LOADER = "$(TEST_HOST)";
				FRAMEWORK_SEARCH_PATHS = (
					"$(SDKROOT)/Developer/Library/Frameworks",
					"$(inherited)",
				);
				GCC_PREPROCESSOR_DEFINITIONS = (
					"DEBUG=1",
					"$(inherited)",
				);
				INFOPLIST_FILE = StreakTests/Info.plist;
				LD_RUNPATH_SEARCH_PATHS = "$(inherited) @executable_path/Frameworks @loader_path/Frameworks";
				PRODUCT_NAME = "$(TARGET_NAME)";
				TEST_HOST = "$(BUILT_PRODUCTS_DIR)/Streak.app/Streak";
			};
			name = Debug;
		};
		6C3CD86F1AF953AC00592BAA /* Release */ = {
			isa = XCBuildConfiguration;
			buildSettings = {
				BUNDLE_LOADER = "$(TEST_HOST)";
				FRAMEWORK_SEARCH_PATHS = (
					"$(SDKROOT)/Developer/Library/Frameworks",
					"$(inherited)",
				);
				INFOPLIST_FILE = StreakTests/Info.plist;
				LD_RUNPATH_SEARCH_PATHS = "$(inherited) @executable_path/Frameworks @loader_path/Frameworks";
				PRODUCT_NAME = "$(TARGET_NAME)";
				TEST_HOST = "$(BUILT_PRODUCTS_DIR)/Streak.app/Streak";
			};
			name = Release;
		};
/* End XCBuildConfiguration section */

/* Begin XCConfigurationList section */
		6C3CD8421AF953AC00592BAA /* Build configuration list for PBXProject "Streak" */ = {
			isa = XCConfigurationList;
			buildConfigurations = (
				6C3CD8681AF953AC00592BAA /* Debug */,
				6C3CD8691AF953AC00592BAA /* Release */,
			);
			defaultConfigurationIsVisible = 0;
			defaultConfigurationName = Release;
		};
		6C3CD86A1AF953AC00592BAA /* Build configuration list for PBXNativeTarget "Streak" */ = {
			isa = XCConfigurationList;
			buildConfigurations = (
				6C3CD86B1AF953AC00592BAA /* Debug */,
				6C3CD86C1AF953AC00592BAA /* Release */,
			);
			defaultConfigurationIsVisible = 0;
			defaultConfigurationName = Release;
		};
		6C3CD86D1AF953AC00592BAA /* Build configuration list for PBXNativeTarget "StreakTests" */ = {
			isa = XCConfigurationList;
			buildConfigurations = (
				6C3CD86E1AF953AC00592BAA /* Debug */,
				6C3CD86F1AF953AC00592BAA /* Release */,
			);
			defaultConfigurationIsVisible = 0;
			defaultConfigurationName = Release;
		};
/* End XCConfigurationList section */
	};
	rootObject = 6C3CD83F1AF953AC00592BAA /* Project object */;
}
